Microsoft Visual Studio Solution File, Format Version 12.00
# Visual Studio Version 17
VisualStudioVersion = 17.14.36915.13
MinimumVisualStudioVersion = 10.0.40219.1
Project("{2150E333-8FDC-42A3-9474-1A3956D46DE8}") = "Services", "Services", "{02EA681E-C7D8-13C7-8484-4AC65E1B71E8}"
EndProject
Project("{2150E333-8FDC-42A3-9474-1A3956D46DE8}") = "Catalog", "Catalog", "{0BE15D3E-8D6E-4E0A-8D38-D6F8251DAE4F}"
EndProject
Project("{FAE04EC0-301F-11D3-BF4B-00C04F79EFBC}") = "Catalog.API", "Services\Catalog\Catalog.API\Catalog.API.csproj", "{D740CE36-62A3-4ED2-9C21-3A2B29683446}"
EndProject
Project("{2150E333-8FDC-42A3-9474-1A3956D46DE8}") = "BuildingBlocks", "BuildingBlocks", "{55610743-BCD9-43BB-ADCF-1A1BA542EBBC}"
EndProject
Project("{FAE04EC0-301F-11D3-BF4B-00C04F79EFBC}") = "BuildingBlocks", "BuildingBlocks\BuildingBlocks\BuildingBlocks.csproj", "{C3EE15A3-2DD5-40BE-AB95-D691C61B703B}"
EndProject
Project("{E53339B2-1760-4266-BCC7-CA923CBCF16C}") = "docker-compose", "docker-compose.dcproj", "{81DDED9D-158B-E303-5F62-77A2896D2A5A}"
EndProject
Project("{2150E333-8FDC-42A3-9474-1A3956D46DE8}") = "Basket", "Basket", "{DB125EB4-8D8E-4A34-8BD3-A106FEEE7AF7}"
EndProject
Project("{FAE04EC0-301F-11D3-BF4B-00C04F79EFBC}") = "Basket.API", "Services\Basket\Basket.API\Basket.API.csproj", "{4043DF98-B62C-4803-A231-AB9B47E9FD16}"
EndProject
Global
	GlobalSection(SolutionConfigurationPlatforms) = preSolution
		Debug|Any CPU = Debug|Any CPU
		Release|Any CPU = Release|Any CPU
	EndGlobalSection
	GlobalSection(ProjectConfigurationPlatforms) = postSolution
		{D740CE36-62A3-4ED2-9C21-3A2B29683446}.Debug|Any CPU.ActiveCfg = Debug|Any CPU
		{D740CE36-62A3-4ED2-9C21-3A2B29683446}.Debug|Any CPU.Build.0 = Debug|Any CPU
		{D740CE36-62A3-4ED2-9C21-3A2B29683446}.Release|Any CPU.ActiveCfg = Release|Any CPU
		{D740CE36-62A3-4ED2-9C21-3A2B29683446}.Release|Any CPU.Build.0 = Release|Any CPU
		{C3EE15A3-2DD5-40BE-AB95-D691C61B703B}.Debug|Any CPU.ActiveCfg = Debug|Any CPU
		{C3EE15A3-2DD5-40BE-AB95-D691C61B703B}.Debug|Any CPU.Build.0 = Debug|Any CPU
		{C3EE15A3-2DD5-40BE-AB95-D691C61B703B}.Release|Any CPU.ActiveCfg = Release|Any CPU
		{C3EE15A3-2DD5-40BE-AB95-D691C61B703B}.Release|Any CPU.Build.0 = Release|Any CPU
		{81DDED9D-158B-E303-5F62-77A2896D2A5A}.Debug|Any CPU.ActiveCfg = Debug|Any CPU
		{81DDED9D-158B-E303-5F62-77A2896D2A5A}.Debug|Any CPU.Build.0 = Debug|Any CPU
		{81DDED9D-158B-E303-5F62-77A2896D2A5A}.Release|Any CPU.ActiveCfg = Release|Any CPU
		{81DDED9D-158B-E303-5F62-77A2896D2A5A}.Release|Any CPU.Build.0 = Release|Any CPU
		{4043DF98-B62C-4803-A231-AB9B47E9FD16}.Debug|Any CPU.ActiveCfg = Debug|Any CPU
		{4043DF98-B62C-4803-A231-AB9B47E9FD16}.Debug|Any CPU.Build.0 = Debug|Any CPU
		{4043DF98-B62C-4803-A231-AB9B47E9FD16}.Release|Any CPU.ActiveCfg = Release|Any CPU
		{4043DF98-B62C-4803-A231-AB9B47E9FD16}.Release|Any CPU.Build.0 = Release|Any CPU
	EndGlobalSection
	GlobalSection(SolutionProperties) = preSolution
		HideSolutionNode = FALSE
	EndGlobalSection
	GlobalSection(NestedProjects) = preSolution
		{0BE15D3E-8D6E-4E0A-8D38-D6F8251DAE4F} = {02EA681E-C7D8-13C7-8484-4AC65E1B71E8}
		{D740CE36-62A3-4ED2-9C21-3A2B29683446} = {0BE15D3E-8D6E-4E0A-8D38-D6F8251DAE4F}
		{C3EE15A3-2DD5-40BE-AB95-D691C61B703B} = {55610743-BCD9-43BB-ADCF-1A1BA542EBBC}
		{DB125EB4-8D8E-4A34-8BD3-A106FEEE7AF7} = {02EA681E-C7D8-13C7-8484-4AC65E1B71E8}
		{4043DF98-B62C-4803-A231-AB9B47E9FD16} = {DB125EB4-8D8E-4A34-8BD3-A106FEEE7AF7}
	EndGlobalSection
	GlobalSection(ExtensibilityGlobals) = postSolution
		SolutionGuid = {19FF2702-5E4C-43F3-A11D-9303E590640A}
	EndGlobalSection
EndGlobal
